// !$*UTF8*$!
{
	archiveVersion = 1;
	classes = {
	};
	objectVersion = 56;
	objects = {

/* Begin PBXBuildFile section */
		190595AA2A841085004C8179 /* pedometerApp.swift in Sources */ = {isa = PBXBuildFile; fileRef = 190595A92A841085004C8179 /* pedometerApp.swift */; };
		190595AC2A841085004C8179 /* ContentView.swift in Sources */ = {isa = PBXBuildFile; fileRef = 190595AB2A841085004C8179 /* ContentView.swift */; };
		190595B22A841086004C8179 /* Preview Assets.xcassets in Resources */ = {isa = PBXBuildFile; fileRef = 190595B12A841086004C8179 /* Preview Assets.xcassets */; };
		19178A6B2A87F90500CFDE5E /* utils.swift in Sources */ = {isa = PBXBuildFile; fileRef = 19178A6A2A87F90500CFDE5E /* utils.swift */; };
		194F1E972AE3E6E800509BB3 /* BodyMeasurementsFormView.swift in Sources */ = {isa = PBXBuildFile; fileRef = 194F1E962AE3E6E800509BB3 /* BodyMeasurementsFormView.swift */; };
		198A50D42A9D44CE0099F0A5 /* VisualEffectBlur.swift in Sources */ = {isa = PBXBuildFile; fileRef = 198A50D32A9D44CE0099F0A5 /* VisualEffectBlur.swift */; };
		198A50D72A9DB6C40099F0A5 /* BatteryRectangleView.swift in Sources */ = {isa = PBXBuildFile; fileRef = 198A50D62A9DB6C40099F0A5 /* BatteryRectangleView.swift */; };
		198A50D92A9DC2640099F0A5 /* StepsCardView.swift in Sources */ = {isa = PBXBuildFile; fileRef = 198A50D82A9DC2640099F0A5 /* StepsCardView.swift */; };
		198A50DB2A9E43B30099F0A5 /* PedometerStatsView.swift in Sources */ = {isa = PBXBuildFile; fileRef = 198A50DA2A9E43B20099F0A5 /* PedometerStatsView.swift */; };
		198A50DD2A9E481B0099F0A5 /* CirularProgressView.swift in Sources */ = {isa = PBXBuildFile; fileRef = 198A50DC2A9E481B0099F0A5 /* CirularProgressView.swift */; };
		198A50DF2AA013F70099F0A5 /* HomeView.swift in Sources */ = {isa = PBXBuildFile; fileRef = 198A50DE2AA013F70099F0A5 /* HomeView.swift */; };
		198A50E12AA01C3C0099F0A5 /* DisplayTimePeriodView.swift in Sources */ = {isa = PBXBuildFile; fileRef = 198A50E02AA01C3C0099F0A5 /* DisplayTimePeriodView.swift */; };
		19A39FE22AACC06C00302CF7 /* OnboardingView.swift in Sources */ = {isa = PBXBuildFile; fileRef = 19A39FE12AACC06C00302CF7 /* OnboardingView.swift */; };
		19BBDE182AAF97C900559F30 /* MapView.swift in Sources */ = {isa = PBXBuildFile; fileRef = 19BBDE172AAF97C900559F30 /* MapView.swift */; };
		19BBDE1C2AB0891B00559F30 /* Assets.xcassets in Resources */ = {isa = PBXBuildFile; fileRef = 19BBDE1B2AB0891B00559F30 /* Assets.xcassets */; };
		19BD71D62AA527690039617C /* PedometerDetails.swift in Sources */ = {isa = PBXBuildFile; fileRef = 19BD71D52AA527690039617C /* PedometerDetails.swift */; };
		19BD71D82AA7FB090039617C /* UserDefaults.swift in Sources */ = {isa = PBXBuildFile; fileRef = 19BD71D72AA7FB090039617C /* UserDefaults.swift */; };
		19BD71DA2AA7FCBC0039617C /* Settings.swift in Sources */ = {isa = PBXBuildFile; fileRef = 19BD71D92AA7FCBC0039617C /* Settings.swift */; };
		19BD71FF2AA9343A0039617C /* Persistance.swift in Sources */ = {isa = PBXBuildFile; fileRef = 19BD71FE2AA9343A0039617C /* Persistance.swift */; };
		19BD72122AA945C90039617C /* PedometerData.xcdatamodeld in Sources */ = {isa = PBXBuildFile; fileRef = 19BD72102AA945C90039617C /* PedometerData.xcdatamodeld */; };
		19BD721D2AA947E00039617C /* PedometerStat+helper.swift in Sources */ = {isa = PBXBuildFile; fileRef = 19BD721C2AA947E00039617C /* PedometerStat+helper.swift */; };
		19BD721F2AA947F60039617C /* PedometerInterval+helper.swift in Sources */ = {isa = PBXBuildFile; fileRef = 19BD721E2AA947F60039617C /* PedometerInterval+helper.swift */; };
		19BD722C2AA94BF90039617C /* NSPredicate+helper.swift in Sources */ = {isa = PBXBuildFile; fileRef = 19BD722B2AA94BF90039617C /* NSPredicate+helper.swift */; };
		19BD72322AAA6F5B0039617C /* TabBarViewItem.swift in Sources */ = {isa = PBXBuildFile; fileRef = 19BD72312AAA6F5B0039617C /* TabBarViewItem.swift */; };
		19BD72342AAA6F8A0039617C /* TabBarView.swift in Sources */ = {isa = PBXBuildFile; fileRef = 19BD72332AAA6F8A0039617C /* TabBarView.swift */; };
		19BD72362AAA75570039617C /* WorkoutsView.swift in Sources */ = {isa = PBXBuildFile; fileRef = 19BD72352AAA75570039617C /* WorkoutsView.swift */; };
		19BD723A2AAA7F410039617C /* MapManager.swift in Sources */ = {isa = PBXBuildFile; fileRef = 19BD72392AAA7F410039617C /* MapManager.swift */; };
		19BD723C2AAC62650039617C /* Workout+helper.swift in Sources */ = {isa = PBXBuildFile; fileRef = 19BD723B2AAC62650039617C /* Workout+helper.swift */; };
		19CBF9FB2A9BD5D6000D0495 /* HeaderView.swift in Sources */ = {isa = PBXBuildFile; fileRef = 19CBF9FA2A9BD5D6000D0495 /* HeaderView.swift */; };
		19E9586D2A8E8D9F0064ACF9 /* PedometerManager.swift in Sources */ = {isa = PBXBuildFile; fileRef = 19E9586C2A8E8D9F0064ACF9 /* PedometerManager.swift */; };
/* End PBXBuildFile section */

/* Begin PBXFileReference section */
		190595A62A841085004C8179 /* pedometer.app */ = {isa = PBXFileReference; explicitFileType = wrapper.application; includeInIndex = 0; path = pedometer.app; sourceTree = BUILT_PRODUCTS_DIR; };
		190595A92A841085004C8179 /* pedometerApp.swift */ = {isa = PBXFileReference; lastKnownFileType = sourcecode.swift; path = pedometerApp.swift; sourceTree = "<group>"; };
		190595AB2A841085004C8179 /* ContentView.swift */ = {isa = PBXFileReference; lastKnownFileType = sourcecode.swift; path = ContentView.swift; sourceTree = "<group>"; };
		190595AF2A841086004C8179 /* pedometer.entitlements */ = {isa = PBXFileReference; lastKnownFileType = text.plist.entitlements; path = pedometer.entitlements; sourceTree = "<group>"; };
		190595B12A841086004C8179 /* Preview Assets.xcassets */ = {isa = PBXFileReference; lastKnownFileType = folder.assetcatalog; path = "Preview Assets.xcassets"; sourceTree = "<group>"; };
		19178A6A2A87F90500CFDE5E /* utils.swift */ = {isa = PBXFileReference; lastKnownFileType = sourcecode.swift; path = utils.swift; sourceTree = "<group>"; };
		194F1E962AE3E6E800509BB3 /* BodyMeasurementsFormView.swift */ = {isa = PBXFileReference; lastKnownFileType = sourcecode.swift; path = BodyMeasurementsFormView.swift; sourceTree = "<group>"; };
		196BD3DC2A8BFA4C0077B526 /* Info.plist */ = {isa = PBXFileReference; lastKnownFileType = text.plist; path = Info.plist; sourceTree = "<group>"; };
		198A50D32A9D44CE0099F0A5 /* VisualEffectBlur.swift */ = {isa = PBXFileReference; lastKnownFileType = sourcecode.swift; path = VisualEffectBlur.swift; sourceTree = "<group>"; };
		198A50D62A9DB6C40099F0A5 /* BatteryRectangleView.swift */ = {isa = PBXFileReference; lastKnownFileType = sourcecode.swift; path = BatteryRectangleView.swift; sourceTree = "<group>"; };
		198A50D82A9DC2640099F0A5 /* StepsCardView.swift */ = {isa = PBXFileReference; lastKnownFileType = sourcecode.swift; path = StepsCardView.swift; sourceTree = "<group>"; };
		198A50DA2A9E43B20099F0A5 /* PedometerStatsView.swift */ = {isa = PBXFileReference; lastKnownFileType = sourcecode.swift; path = PedometerStatsView.swift; sourceTree = "<group>"; };
		198A50DC2A9E481B0099F0A5 /* CirularProgressView.swift */ = {isa = PBXFileReference; lastKnownFileType = sourcecode.swift; path = CirularProgressView.swift; sourceTree = "<group>"; };
		198A50DE2AA013F70099F0A5 /* HomeView.swift */ = {isa = PBXFileReference; lastKnownFileType = sourcecode.swift; path = HomeView.swift; sourceTree = "<group>"; };
		198A50E02AA01C3C0099F0A5 /* DisplayTimePeriodView.swift */ = {isa = PBXFileReference; lastKnownFileType = sourcecode.swift; path = DisplayTimePeriodView.swift; sourceTree = "<group>"; };
		19A39FE12AACC06C00302CF7 /* OnboardingView.swift */ = {isa = PBXFileReference; lastKnownFileType = sourcecode.swift; path = OnboardingView.swift; sourceTree = "<group>"; };
		19BBDE172AAF97C900559F30 /* MapView.swift */ = {isa = PBXFileReference; lastKnownFileType = sourcecode.swift; path = MapView.swift; sourceTree = "<group>"; };
		19BBDE1B2AB0891B00559F30 /* Assets.xcassets */ = {isa = PBXFileReference; lastKnownFileType = folder.assetcatalog; name = Assets.xcassets; path = "../../../../Downloads/AppIcons (1)/Assets.xcassets"; sourceTree = "<group>"; };
		19BD71D52AA527690039617C /* PedometerDetails.swift */ = {isa = PBXFileReference; lastKnownFileType = sourcecode.swift; path = PedometerDetails.swift; sourceTree = "<group>"; };
		19BD71D72AA7FB090039617C /* UserDefaults.swift */ = {isa = PBXFileReference; lastKnownFileType = sourcecode.swift; path = UserDefaults.swift; sourceTree = "<group>"; };
		19BD71D92AA7FCBC0039617C /* Settings.swift */ = {isa = PBXFileReference; lastKnownFileType = sourcecode.swift; path = Settings.swift; sourceTree = "<group>"; };
		19BD71FE2AA9343A0039617C /* Persistance.swift */ = {isa = PBXFileReference; lastKnownFileType = sourcecode.swift; path = Persistance.swift; sourceTree = "<group>"; };
		19BD72112AA945C90039617C /* PedometerData.xcdatamodel */ = {isa = PBXFileReference; lastKnownFileType = wrapper.xcdatamodel; path = PedometerData.xcdatamodel; sourceTree = "<group>"; };
		19BD721C2AA947E00039617C /* PedometerStat+helper.swift */ = {isa = PBXFileReference; lastKnownFileType = sourcecode.swift; path = "PedometerStat+helper.swift"; sourceTree = "<group>"; };
		19BD721E2AA947F60039617C /* PedometerInterval+helper.swift */ = {isa = PBXFileReference; lastKnownFileType = sourcecode.swift; path = "PedometerInterval+helper.swift"; sourceTree = "<group>"; };
		19BD722B2AA94BF90039617C /* NSPredicate+helper.swift */ = {isa = PBXFileReference; lastKnownFileType = sourcecode.swift; path = "NSPredicate+helper.swift"; sourceTree = "<group>"; };
		19BD72312AAA6F5B0039617C /* TabBarViewItem.swift */ = {isa = PBXFileReference; lastKnownFileType = sourcecode.swift; path = TabBarViewItem.swift; sourceTree = "<group>"; };
		19BD72332AAA6F8A0039617C /* TabBarView.swift */ = {isa = PBXFileReference; lastKnownFileType = sourcecode.swift; path = TabBarView.swift; sourceTree = "<group>"; };
		19BD72352AAA75570039617C /* WorkoutsView.swift */ = {isa = PBXFileReference; lastKnownFileType = sourcecode.swift; path = WorkoutsView.swift; sourceTree = "<group>"; };
		19BD72392AAA7F410039617C /* MapManager.swift */ = {isa = PBXFileReference; lastKnownFileType = sourcecode.swift; path = MapManager.swift; sourceTree = "<group>"; };
		19BD723B2AAC62650039617C /* Workout+helper.swift */ = {isa = PBXFileReference; lastKnownFileType = sourcecode.swift; path = "Workout+helper.swift"; sourceTree = "<group>"; };
		19CBF9FA2A9BD5D6000D0495 /* HeaderView.swift */ = {isa = PBXFileReference; lastKnownFileType = sourcecode.swift; path = HeaderView.swift; sourceTree = "<group>"; };
		19E9586C2A8E8D9F0064ACF9 /* PedometerManager.swift */ = {isa = PBXFileReference; lastKnownFileType = sourcecode.swift; path = PedometerManager.swift; sourceTree = "<group>"; };
/* End PBXFileReference section */

/* Begin PBXFrameworksBuildPhase section */
		190595A32A841085004C8179 /* Frameworks */ = {
			isa = PBXFrameworksBuildPhase;
			buildActionMask = 2147483647;
			files = (
			);
			runOnlyForDeploymentPostprocessing = 0;
		};
/* End PBXFrameworksBuildPhase section */

/* Begin PBXGroup section */
		1905959D2A841085004C8179 = {
			isa = PBXGroup;
			children = (
				190595A82A841085004C8179 /* pedometer */,
				190595A72A841085004C8179 /* Products */,
				19CBF9EB2A95D651000D0495 /* Frameworks */,
			);
			sourceTree = "<group>";
		};
		190595A72A841085004C8179 /* Products */ = {
			isa = PBXGroup;
			children = (
				190595A62A841085004C8179 /* pedometer.app */,
			);
			name = Products;
			sourceTree = "<group>";
		};
		190595A82A841085004C8179 /* pedometer */ = {
			isa = PBXGroup;
			children = (
				19BD721B2AA947C10039617C /* Controllers */,
				196BD3DC2A8BFA4C0077B526 /* Info.plist */,
				196BD3DB2A8BF8400077B526 /* Data */,
				196BD3DA2A8BF8060077B526 /* Services */,
				190595A92A841085004C8179 /* pedometerApp.swift */,
				19178A762A8816E600CFDE5E /* Views */,
				19BBDE1B2AB0891B00559F30 /* Assets.xcassets */,
				190595AF2A841086004C8179 /* pedometer.entitlements */,
				190595B02A841086004C8179 /* Preview Content */,
			);
			path = pedometer;
			sourceTree = "<group>";
		};
		190595B02A841086004C8179 /* Preview Content */ = {
			isa = PBXGroup;
			children = (
				190595B12A841086004C8179 /* Preview Assets.xcassets */,
			);
			path = "Preview Content";
			sourceTree = "<group>";
		};
		19178A762A8816E600CFDE5E /* Views */ = {
			isa = PBXGroup;
			children = (
				198A50D52A9DB6AD0099F0A5 /* Components */,
				198A50D22A9D44B20099F0A5 /* Shared */,
				190595AB2A841085004C8179 /* ContentView.swift */,
			);
			path = Views;
			sourceTree = "<group>";
		};
		196BD3DA2A8BF8060077B526 /* Services */ = {
			isa = PBXGroup;
			children = (
				19178A6A2A87F90500CFDE5E /* utils.swift */,
			);
			path = Services;
			sourceTree = "<group>";
		};
		196BD3DB2A8BF8400077B526 /* Data */ = {
			isa = PBXGroup;
			children = (
				19BD72202AA94BB40039617C /* Core Data */,
				19BD71D72AA7FB090039617C /* UserDefaults.swift */,
				19BD71FE2AA9343A0039617C /* Persistance.swift */,
				19BD72102AA945C90039617C /* PedometerData.xcdatamodeld */,
			);
			path = Data;
			sourceTree = "<group>";
		};
		198A50D22A9D44B20099F0A5 /* Shared */ = {
			isa = PBXGroup;
			children = (
				198A50D32A9D44CE0099F0A5 /* VisualEffectBlur.swift */,
			);
			path = Shared;
			sourceTree = "<group>";
		};
		198A50D52A9DB6AD0099F0A5 /* Components */ = {
			isa = PBXGroup;
			children = (
				19CBF9FA2A9BD5D6000D0495 /* HeaderView.swift */,
				198A50D62A9DB6C40099F0A5 /* BatteryRectangleView.swift */,
				198A50D82A9DC2640099F0A5 /* StepsCardView.swift */,
				198A50DA2A9E43B20099F0A5 /* PedometerStatsView.swift */,
				198A50DC2A9E481B0099F0A5 /* CirularProgressView.swift */,
				198A50DE2AA013F70099F0A5 /* HomeView.swift */,
				198A50E02AA01C3C0099F0A5 /* DisplayTimePeriodView.swift */,
				19BD71D52AA527690039617C /* PedometerDetails.swift */,
				19BD71D92AA7FCBC0039617C /* Settings.swift */,
				19BD72312AAA6F5B0039617C /* TabBarViewItem.swift */,
				19BD72332AAA6F8A0039617C /* TabBarView.swift */,
				19BD72352AAA75570039617C /* WorkoutsView.swift */,
				19A39FE12AACC06C00302CF7 /* OnboardingView.swift */,
				19BBDE172AAF97C900559F30 /* MapView.swift */,
				194F1E962AE3E6E800509BB3 /* BodyMeasurementsFormView.swift */,
			);
			path = Components;
			sourceTree = "<group>";
		};
		19BD721B2AA947C10039617C /* Controllers */ = {
			isa = PBXGroup;
			children = (
				19E9586C2A8E8D9F0064ACF9 /* PedometerManager.swift */,
				19BD72392AAA7F410039617C /* MapManager.swift */,
			);
			path = Controllers;
			sourceTree = "<group>";
		};
		19BD72202AA94BB40039617C /* Core Data */ = {
			isa = PBXGroup;
			children = (
				19BD721E2AA947F60039617C /* PedometerInterval+helper.swift */,
				19BD721C2AA947E00039617C /* PedometerStat+helper.swift */,
				19BD722B2AA94BF90039617C /* NSPredicate+helper.swift */,
				19BD723B2AAC62650039617C /* Workout+helper.swift */,
			);
			path = "Core Data";
			sourceTree = "<group>";
		};
		19CBF9EB2A95D651000D0495 /* Frameworks */ = {
			isa = PBXGroup;
			children = (
			);
			name = Frameworks;
			sourceTree = "<group>";
		};
/* End PBXGroup section */

/* Begin PBXNativeTarget section */
		190595A52A841085004C8179 /* pedometer */ = {
			isa = PBXNativeTarget;
			buildConfigurationList = 190595CB2A841086004C8179 /* Build configuration list for PBXNativeTarget "pedometer" */;
			buildPhases = (
				190595A22A841085004C8179 /* Sources */,
				190595A32A841085004C8179 /* Frameworks */,
				190595A42A841085004C8179 /* Resources */,
			);
			buildRules = (
			);
			dependencies = (
			);
			name = pedometer;
			packageProductDependencies = (
			);
			productName = pedometer;
			productReference = 190595A62A841085004C8179 /* pedometer.app */;
			productType = "com.apple.product-type.application";
		};
/* End PBXNativeTarget section */

/* Begin PBXProject section */
		1905959E2A841085004C8179 /* Project object */ = {
			isa = PBXProject;
			attributes = {
				BuildIndependentTargetsInParallel = 1;
				LastSwiftUpdateCheck = 1430;
				LastUpgradeCheck = 1430;
				TargetAttributes = {
					190595A52A841085004C8179 = {
						CreatedOnToolsVersion = 14.3.1;
					};
				};
			};
			buildConfigurationList = 190595A12A841085004C8179 /* Build configuration list for PBXProject "pedometer" */;
			compatibilityVersion = "Xcode 14.0";
			developmentRegion = en;
			hasScannedForEncodings = 0;
			knownRegions = (
				en,
				Base,
			);
			mainGroup = 1905959D2A841085004C8179;
			packageReferences = (
			);
			productRefGroup = 190595A72A841085004C8179 /* Products */;
			projectDirPath = "";
			projectRoot = "";
			targets = (
				190595A52A841085004C8179 /* pedometer */,
			);
		};
/* End PBXProject section */

/* Begin PBXResourcesBuildPhase section */
		190595A42A841085004C8179 /* Resources */ = {
			isa = PBXResourcesBuildPhase;
			buildActionMask = 2147483647;
			files = (
				190595B22A841086004C8179 /* Preview Assets.xcassets in Resources */,
				19BBDE1C2AB0891B00559F30 /* Assets.xcassets in Resources */,
			);
			runOnlyForDeploymentPostprocessing = 0;
		};
/* End PBXResourcesBuildPhase section */

/* Begin PBXSourcesBuildPhase section */
		190595A22A841085004C8179 /* Sources */ = {
			isa = PBXSourcesBuildPhase;
			buildActionMask = 2147483647;
			files = (
				19BD722C2AA94BF90039617C /* NSPredicate+helper.swift in Sources */,
				198A50DB2A9E43B30099F0A5 /* PedometerStatsView.swift in Sources */,
				19178A6B2A87F90500CFDE5E /* utils.swift in Sources */,
				190595AC2A841085004C8179 /* ContentView.swift in Sources */,
				19BD723A2AAA7F410039617C /* MapManager.swift in Sources */,
				19BD721F2AA947F60039617C /* PedometerInterval+helper.swift in Sources */,
				19BD723C2AAC62650039617C /* Workout+helper.swift in Sources */,
				19BBDE182AAF97C900559F30 /* MapView.swift in Sources */,
				19BD72122AA945C90039617C /* PedometerData.xcdatamodeld in Sources */,
				19E9586D2A8E8D9F0064ACF9 /* PedometerManager.swift in Sources */,
				190595AA2A841085004C8179 /* pedometerApp.swift in Sources */,
				198A50E12AA01C3C0099F0A5 /* DisplayTimePeriodView.swift in Sources */,
				19A39FE22AACC06C00302CF7 /* OnboardingView.swift in Sources */,
				19BD721D2AA947E00039617C /* PedometerStat+helper.swift in Sources */,
				198A50DF2AA013F70099F0A5 /* HomeView.swift in Sources */,
				19BD72362AAA75570039617C /* WorkoutsView.swift in Sources */,
				19BD71FF2AA9343A0039617C /* Persistance.swift in Sources */,
				19BD72342AAA6F8A0039617C /* TabBarView.swift in Sources */,
				198A50D42A9D44CE0099F0A5 /* VisualEffectBlur.swift in Sources */,
				19CBF9FB2A9BD5D6000D0495 /* HeaderView.swift in Sources */,
				19BD71DA2AA7FCBC0039617C /* Settings.swift in Sources */,
				19BD72322AAA6F5B0039617C /* TabBarViewItem.swift in Sources */,
				198A50D92A9DC2640099F0A5 /* StepsCardView.swift in Sources */,
				194F1E972AE3E6E800509BB3 /* BodyMeasurementsFormView.swift in Sources */,
				19BD71D62AA527690039617C /* PedometerDetails.swift in Sources */,
				198A50D72A9DB6C40099F0A5 /* BatteryRectangleView.swift in Sources */,
				19BD71D82AA7FB090039617C /* UserDefaults.swift in Sources */,
				198A50DD2A9E481B0099F0A5 /* CirularProgressView.swift in Sources */,
			);
			runOnlyForDeploymentPostprocessing = 0;
		};
/* End PBXSourcesBuildPhase section */

/* Begin XCBuildConfiguration section */
		190595C92A841086004C8179 /* Debug */ = {
			isa = XCBuildConfiguration;
			buildSettings = {
				ALWAYS_SEARCH_USER_PATHS = NO;
				CLANG_ANALYZER_NONNULL = YES;
				CLANG_ANALYZER_NUMBER_OBJECT_CONVERSION = YES_AGGRESSIVE;
				CLANG_CXX_LANGUAGE_STANDARD = "gnu++20";
				CLANG_ENABLE_MODULES = YES;
				CLANG_ENABLE_OBJC_ARC = YES;
				CLANG_ENABLE_OBJC_WEAK = YES;
				CLANG_WARN_BLOCK_CAPTURE_AUTORELEASING = YES;
				CLANG_WARN_BOOL_CONVERSION = YES;
				CLANG_WARN_COMMA = YES;
				CLANG_WARN_CONSTANT_CONVERSION = YES;
				CLANG_WARN_DEPRECATED_OBJC_IMPLEMENTATIONS = YES;
				CLANG_WARN_DIRECT_OBJC_ISA_USAGE = YES_ERROR;
				CLANG_WARN_DOCUMENTATION_COMMENTS = YES;
				CLANG_WARN_EMPTY_BODY = YES;
				CLANG_WARN_ENUM_CONVERSION = YES;
				CLANG_WARN_INFINITE_RECURSION = YES;
				CLANG_WARN_INT_CONVERSION = YES;
				CLANG_WARN_NON_LITERAL_NULL_CONVERSION = YES;
				CLANG_WARN_OBJC_IMPLICIT_RETAIN_SELF = YES;
				CLANG_WARN_OBJC_LITERAL_CONVERSION = YES;
				CLANG_WARN_OBJC_ROOT_CLASS = YES_ERROR;
				CLANG_WARN_QUOTED_INCLUDE_IN_FRAMEWORK_HEADER = YES;
				CLANG_WARN_RANGE_LOOP_ANALYSIS = YES;
				CLANG_WARN_STRICT_PROTOTYPES = YES;
				CLANG_WARN_SUSPICIOUS_MOVE = YES;
				CLANG_WARN_UNGUARDED_AVAILABILITY = YES_AGGRESSIVE;
				CLANG_WARN_UNREACHABLE_CODE = YES;
				CLANG_WARN__DUPLICATE_METHOD_MATCH = YES;
				COPY_PHASE_STRIP = NO;
				DEBUG_INFORMATION_FORMAT = dwarf;
				ENABLE_STRICT_OBJC_MSGSEND = YES;
				ENABLE_TESTABILITY = YES;
				GCC_C_LANGUAGE_STANDARD = gnu11;
				GCC_DYNAMIC_NO_PIC = NO;
				GCC_NO_COMMON_BLOCKS = YES;
				GCC_OPTIMIZATION_LEVEL = 0;
				GCC_PREPROCESSOR_DEFINITIONS = (
					"DEBUG=1",
					"$(inherited)",
				);
				GCC_WARN_64_TO_32_BIT_CONVERSION = YES;
				GCC_WARN_ABOUT_RETURN_TYPE = YES_ERROR;
				GCC_WARN_UNDECLARED_SELECTOR = YES;
				GCC_WARN_UNINITIALIZED_AUTOS = YES_AGGRESSIVE;
				GCC_WARN_UNUSED_FUNCTION = YES;
				GCC_WARN_UNUSED_VARIABLE = YES;
				IPHONEOS_DEPLOYMENT_TARGET = 15.3;
				MTL_ENABLE_DEBUG_INFO = INCLUDE_SOURCE;
				MTL_FAST_MATH = YES;
				ONLY_ACTIVE_ARCH = YES;
				SWIFT_ACTIVE_COMPILATION_CONDITIONS = DEBUG;
				SWIFT_OPTIMIZATION_LEVEL = "-Onone";
			};
			name = Debug;
		};
		190595CA2A841086004C8179 /* Release */ = {
			isa = XCBuildConfiguration;
			buildSettings = {
				ALWAYS_SEARCH_USER_PATHS = NO;
				CLANG_ANALYZER_NONNULL = YES;
				CLANG_ANALYZER_NUMBER_OBJECT_CONVERSION = YES_AGGRESSIVE;
				CLANG_CXX_LANGUAGE_STANDARD = "gnu++20";
				CLANG_ENABLE_MODULES = YES;
				CLANG_ENABLE_OBJC_ARC = YES;
				CLANG_ENABLE_OBJC_WEAK = YES;
				CLANG_WARN_BLOCK_CAPTURE_AUTORELEASING = YES;
				CLANG_WARN_BOOL_CONVERSION = YES;
				CLANG_WARN_COMMA = YES;
				CLANG_WARN_CONSTANT_CONVERSION = YES;
				CLANG_WARN_DEPRECATED_OBJC_IMPLEMENTATIONS = YES;
				CLANG_WARN_DIRECT_OBJC_ISA_USAGE = YES_ERROR;
				CLANG_WARN_DOCUMENTATION_COMMENTS = YES;
				CLANG_WARN_EMPTY_BODY = YES;
				CLANG_WARN_ENUM_CONVERSION = YES;
				CLANG_WARN_INFINITE_RECURSION = YES;
				CLANG_WARN_INT_CONVERSION = YES;
				CLANG_WARN_NON_LITERAL_NULL_CONVERSION = YES;
				CLANG_WARN_OBJC_IMPLICIT_RETAIN_SELF = YES;
				CLANG_WARN_OBJC_LITERAL_CONVERSION = YES;
				CLANG_WARN_OBJC_ROOT_CLASS = YES_ERROR;
				CLANG_WARN_QUOTED_INCLUDE_IN_FRAMEWORK_HEADER = YES;
				CLANG_WARN_RANGE_LOOP_ANALYSIS = YES;
				CLANG_WARN_STRICT_PROTOTYPES = YES;
				CLANG_WARN_SUSPICIOUS_MOVE = YES;
				CLANG_WARN_UNGUARDED_AVAILABILITY = YES_AGGRESSIVE;
				CLANG_WARN_UNREACHABLE_CODE = YES;
				CLANG_WARN__DUPLICATE_METHOD_MATCH = YES;
				COPY_PHASE_STRIP = NO;
				DEBUG_INFORMATION_FORMAT = "dwarf-with-dsym";
				ENABLE_NS_ASSERTIONS = NO;
				ENABLE_STRICT_OBJC_MSGSEND = YES;
				GCC_C_LANGUAGE_STANDARD = gnu11;
				GCC_NO_COMMON_BLOCKS = YES;
				GCC_WARN_64_TO_32_BIT_CONVERSION = YES;
				GCC_WARN_ABOUT_RETURN_TYPE = YES_ERROR;
				GCC_WARN_UNDECLARED_SELECTOR = YES;
				GCC_WARN_UNINITIALIZED_AUTOS = YES_AGGRESSIVE;
				GCC_WARN_UNUSED_FUNCTION = YES;
				GCC_WARN_UNUSED_VARIABLE = YES;
				IPHONEOS_DEPLOYMENT_TARGET = 15.3;
				MTL_ENABLE_DEBUG_INFO = NO;
				MTL_FAST_MATH = YES;
				SWIFT_COMPILATION_MODE = wholemodule;
				SWIFT_OPTIMIZATION_LEVEL = "-O";
			};
			name = Release;
		};
		190595CC2A841086004C8179 /* Debug */ = {
			isa = XCBuildConfiguration;
			buildSettings = {
				ASSETCATALOG_COMPILER_APPICON_NAME = AppIcon;
				ASSETCATALOG_COMPILER_GLOBAL_ACCENT_COLOR_NAME = AccentColor;
				CODE_SIGN_ENTITLEMENTS = pedometer/pedometer.entitlements;
				CODE_SIGN_IDENTITY = "Apple Development";
				CODE_SIGN_STYLE = Automatic;
				CURRENT_PROJECT_VERSION = 2;
				DEVELOPMENT_ASSET_PATHS = "\"pedometer/Preview Content\"";
				DEVELOPMENT_TEAM = 9S23X347KS;
				ENABLE_PREVIEWS = YES;
				GENERATE_INFOPLIST_FILE = YES;
				INFOPLIST_FILE = pedometer/Info.plist;
				INFOPLIST_KEY_CFBundleDisplayName = pedometer;
				INFOPLIST_KEY_LSApplicationCategoryType = "public.app-category.healthcare-fitness";
				INFOPLIST_KEY_NSLocationWhenInUseUsageDescription = "we need this to show you a map to see your route when working out";
				INFOPLIST_KEY_NSMotionUsageDescription = "Please grant Pedometer permission to access Core Motion by tapping \"Allow\" , your data will be used solely for the purpose of helping you achieve your fitness goals.";
				"INFOPLIST_KEY_UIApplicationSceneManifest_Generation[sdk=iphoneos*]" = YES;
				"INFOPLIST_KEY_UIApplicationSceneManifest_Generation[sdk=iphonesimulator*]" = YES;
				"INFOPLIST_KEY_UIApplicationSupportsIndirectInputEvents[sdk=iphoneos*]" = YES;
				"INFOPLIST_KEY_UIApplicationSupportsIndirectInputEvents[sdk=iphonesimulator*]" = YES;
				"INFOPLIST_KEY_UILaunchScreen_Generation[sdk=iphoneos*]" = YES;
				"INFOPLIST_KEY_UILaunchScreen_Generation[sdk=iphonesimulator*]" = YES;
				"INFOPLIST_KEY_UIStatusBarStyle[sdk=iphoneos*]" = UIStatusBarStyleDefault;
				"INFOPLIST_KEY_UIStatusBarStyle[sdk=iphonesimulator*]" = UIStatusBarStyleDefault;
				INFOPLIST_KEY_UISupportedInterfaceOrientations_iPad = "UIInterfaceOrientationPortrait UIInterfaceOrientationPortraitUpsideDown UIInterfaceOrientationLandscapeLeft UIInterfaceOrientationLandscapeRight";
				INFOPLIST_KEY_UISupportedInterfaceOrientations_iPhone = "UIInterfaceOrientationPortrait UIInterfaceOrientationLandscapeLeft UIInterfaceOrientationLandscapeRight";
				INFOPLIST_KEY_UIUserInterfaceStyle = Light;
				IPHONEOS_DEPLOYMENT_TARGET = 15.2;
				LD_RUNPATH_SEARCH_PATHS = "@executable_path/Frameworks";
				"LD_RUNPATH_SEARCH_PATHS[sdk=macosx*]" = "@executable_path/../Frameworks";
				MACOSX_DEPLOYMENT_TARGET = 13.2;
				MARKETING_VERSION = 0.1;
				PRODUCT_BUNDLE_IDENTIFIER = com.usamahfallatah.pedometer;
				PRODUCT_NAME = "$(TARGET_NAME)";
				PROVISIONING_PROFILE_SPECIFIER = "";
				SDKROOT = auto;
				SUPPORTED_PLATFORMS = "iphoneos iphonesimulator";
				SUPPORTS_MACCATALYST = NO;
				SUPPORTS_MAC_DESIGNED_FOR_IPHONE_IPAD = NO;
				SWIFT_EMIT_LOC_STRINGS = YES;
				SWIFT_VERSION = 5.0;
				TARGETED_DEVICE_FAMILY = 1;
			};
			name = Debug;
		};
		190595CD2A841086004C8179 /* Release */ = {
			isa = XCBuildConfiguration;
			buildSettings = {
				ASSETCATALOG_COMPILER_APPICON_NAME = AppIcon;
				ASSETCATALOG_COMPILER_GLOBAL_ACCENT_COLOR_NAME = AccentColor;
				CODE_SIGN_ENTITLEMENTS = pedometer/pedometer.entitlements;
				CODE_SIGN_IDENTITY = "Apple Development";
				CODE_SIGN_STYLE = Automatic;
				CURRENT_PROJECT_VERSION = 2;
				DEVELOPMENT_ASSET_PATHS = "\"pedometer/Preview Content\"";
				DEVELOPMENT_TEAM = 9S23X347KS;
				ENABLE_PREVIEWS = YES;
				GENERATE_INFOPLIST_FILE = YES;
				INFOPLIST_FILE = pedometer/Info.plist;
				INFOPLIST_KEY_CFBundleDisplayName = pedometer;
				INFOPLIST_KEY_LSApplicationCategoryType = "public.app-category.healthcare-fitness";
				INFOPLIST_KEY_NSLocationWhenInUseUsageDescription = "we need this to show you a map to see your route when working out";
				INFOPLIST_KEY_NSMotionUsageDescription = "Please grant Pedometer permission to access Core Motion by tapping \"Allow\" , your data will be used solely for the purpose of helping you achieve your fitness goals.";
				"INFOPLIST_KEY_UIApplicationSceneManifest_Generation[sdk=iphoneos*]" = YES;
				"INFOPLIST_KEY_UIApplicationSceneManifest_Generation[sdk=iphonesimulator*]" = YES;
				"INFOPLIST_KEY_UIApplicationSupportsIndirectInputEvents[sdk=iphoneos*]" = YES;
				"INFOPLIST_KEY_UIApplicationSupportsIndirectInputEvents[sdk=iphonesimulator*]" = YES;
				"INFOPLIST_KEY_UILaunchScreen_Generation[sdk=iphoneos*]" = YES;
				"INFOPLIST_KEY_UILaunchScreen_Generation[sdk=iphonesimulator*]" = YES;
				"INFOPLIST_KEY_UIStatusBarStyle[sdk=iphoneos*]" = UIStatusBarStyleDefault;
				"INFOPLIST_KEY_UIStatusBarStyle[sdk=iphonesimulator*]" = UIStatusBarStyleDefault;
				INFOPLIST_KEY_UISupportedInterfaceOrientations_iPad = "UIInterfaceOrientationPortrait UIInterfaceOrientationPortraitUpsideDown UIInterfaceOrientationLandscapeLeft UIInterfaceOrientationLandscapeRight";
				INFOPLIST_KEY_UISupportedInterfaceOrientations_iPhone = "UIInterfaceOrientationPortrait UIInterfaceOrientationLandscapeLeft UIInterfaceOrientationLandscapeRight";
				INFOPLIST_KEY_UIUserInterfaceStyle = Light;
				IPHONEOS_DEPLOYMENT_TARGET = 15.2;
				LD_RUNPATH_SEARCH_PATHS = "@executable_path/Frameworks";
				"LD_RUNPATH_SEARCH_PATHS[sdk=macosx*]" = "@executable_path/../Frameworks";
				MACOSX_DEPLOYMENT_TARGET = 13.2;
				MARKETING_VERSION = 0.1;
				PRODUCT_BUNDLE_IDENTIFIER = com.usamahfallatah.pedometer;
				PRODUCT_NAME = "$(TARGET_NAME)";
				PROVISIONING_PROFILE_SPECIFIER = "";
				SDKROOT = auto;
				SUPPORTED_PLATFORMS = "iphoneos iphonesimulator";
				SUPPORTS_MACCATALYST = NO;
				SUPPORTS_MAC_DESIGNED_FOR_IPHONE_IPAD = NO;
				SWIFT_EMIT_LOC_STRINGS = YES;
				SWIFT_VERSION = 5.0;
				TARGETED_DEVICE_FAMILY = 1;
			};
			name = Release;
		};
/* End XCBuildConfiguration section */

/* Begin XCConfigurationList section */
		190595A12A841085004C8179 /* Build configuration list for PBXProject "pedometer" */ = {
			isa = XCConfigurationList;
			buildConfigurations = (
				190595C92A841086004C8179 /* Debug */,
				190595CA2A841086004C8179 /* Release */,
			);
			defaultConfigurationIsVisible = 0;
			defaultConfigurationName = Release;
		};
		190595CB2A841086004C8179 /* Build configuration list for PBXNativeTarget "pedometer" */ = {
			isa = XCConfigurationList;
			buildConfigurations = (
				190595CC2A841086004C8179 /* Debug */,
				190595CD2A841086004C8179 /* Release */,
			);
			defaultConfigurationIsVisible = 0;
			defaultConfigurationName = Release;
		};
/* End XCConfigurationList section */

/* Begin XCVersionGroup section */
		19BD72102AA945C90039617C /* PedometerData.xcdatamodeld */ = {
			isa = XCVersionGroup;
			children = (
				19BD72112AA945C90039617C /* PedometerData.xcdatamodel */,
			);
			currentVersion = 19BD72112AA945C90039617C /* PedometerData.xcdatamodel */;
			name = PedometerData.xcdatamodeld;
			path = ../PedometerData.xcdatamodeld;
			sourceTree = "<group>";
			versionGroupType = wrapper.xcdatamodel;
		};
/* End XCVersionGroup section */
	};
	rootObject = 1905959E2A841085004C8179 /* Project object */;
}
