// !$*UTF8*$!
{
	archiveVersion = 1;
	classes = {
	};
	objectVersion = 56;
	objects = {

/* Begin PBXBuildFile section */
		190595AA2A841085004C8179 /* pedometerApp.swift in Sources */ = {isa = PBXBuildFile; fileRef = 190595A92A841085004C8179 /* pedometerApp.swift */; };
		190595AC2A841085004C8179 /* ContentView.swift in Sources */ = {isa = PBXBuildFile; fileRef = 190595AB2A841085004C8179 /* ContentView.swift */; };
		190595AE2A841086004C8179 /* Assets.xcassets in Resources */ = {isa = PBXBuildFile; fileRef = 190595AD2A841086004C8179 /* Assets.xcassets */; };
		190595B22A841086004C8179 /* Preview Assets.xcassets in Resources */ = {isa = PBXBuildFile; fileRef = 190595B12A841086004C8179 /* Preview Assets.xcassets */; };
		19178A6B2A87F90500CFDE5E /* utils.swift in Sources */ = {isa = PBXBuildFile; fileRef = 19178A6A2A87F90500CFDE5E /* utils.swift */; };
		19178A752A88161E00CFDE5E /* ModelData.swift in Sources */ = {isa = PBXBuildFile; fileRef = 19178A742A88161E00CFDE5E /* ModelData.swift */; };
		19B02C4D2A907A400041D9F7 /* TodayData.swift in Sources */ = {isa = PBXBuildFile; fileRef = 19B02C4C2A907A400041D9F7 /* TodayData.swift */; };
		19CBF9EC2A95D651000D0495 /* DGCharts.framework in Frameworks */ = {isa = PBXBuildFile; fileRef = 19CBF9E82A95D5FA000D0495 /* DGCharts.framework */; };
		19CBF9ED2A95D651000D0495 /* DGCharts.framework in Embed Frameworks */ = {isa = PBXBuildFile; fileRef = 19CBF9E82A95D5FA000D0495 /* DGCharts.framework */; settings = {ATTRIBUTES = (CodeSignOnCopy, RemoveHeadersOnCopy, ); }; };
		19CBF9F12A966FF5000D0495 /* SwiftUICharts in Frameworks */ = {isa = PBXBuildFile; productRef = 19CBF9F02A966FF5000D0495 /* SwiftUICharts */; };
		19E9586D2A8E8D9F0064ACF9 /* PedometerManager.swift in Sources */ = {isa = PBXBuildFile; fileRef = 19E9586C2A8E8D9F0064ACF9 /* PedometerManager.swift */; };
/* End PBXBuildFile section */

/* Begin PBXContainerItemProxy section */
		19CBF9E72A95D5FA000D0495 /* PBXContainerItemProxy */ = {
			isa = PBXContainerItemProxy;
			containerPortal = 19CBF9E22A95D5FA000D0495 /* Charts.xcodeproj */;
			proxyType = 2;
			remoteGlobalIDString = 65AD9E95D9ED4DC0BD73A743;
			remoteInfo = DGCharts;
		};
		19CBF9E92A95D5FA000D0495 /* PBXContainerItemProxy */ = {
			isa = PBXContainerItemProxy;
			containerPortal = 19CBF9E22A95D5FA000D0495 /* Charts.xcodeproj */;
			proxyType = 2;
			remoteGlobalIDString = 1CBBC58C6CE1EBEE9852CE41;
			remoteInfo = DGChartsTests;
		};
/* End PBXContainerItemProxy section */

/* Begin PBXCopyFilesBuildPhase section */
		19CBF9EE2A95D652000D0495 /* Embed Frameworks */ = {
			isa = PBXCopyFilesBuildPhase;
			buildActionMask = 2147483647;
			dstPath = "";
			dstSubfolderSpec = 10;
			files = (
				19CBF9ED2A95D651000D0495 /* DGCharts.framework in Embed Frameworks */,
			);
			name = "Embed Frameworks";
			runOnlyForDeploymentPostprocessing = 0;
		};
/* End PBXCopyFilesBuildPhase section */

/* Begin PBXFileReference section */
		190595A62A841085004C8179 /* pedometer.app */ = {isa = PBXFileReference; explicitFileType = wrapper.application; includeInIndex = 0; path = pedometer.app; sourceTree = BUILT_PRODUCTS_DIR; };
		190595A92A841085004C8179 /* pedometerApp.swift */ = {isa = PBXFileReference; lastKnownFileType = sourcecode.swift; path = pedometerApp.swift; sourceTree = "<group>"; };
		190595AB2A841085004C8179 /* ContentView.swift */ = {isa = PBXFileReference; lastKnownFileType = sourcecode.swift; path = ContentView.swift; sourceTree = "<group>"; };
		190595AD2A841086004C8179 /* Assets.xcassets */ = {isa = PBXFileReference; lastKnownFileType = folder.assetcatalog; path = Assets.xcassets; sourceTree = "<group>"; };
		190595AF2A841086004C8179 /* pedometer.entitlements */ = {isa = PBXFileReference; lastKnownFileType = text.plist.entitlements; path = pedometer.entitlements; sourceTree = "<group>"; };
		190595B12A841086004C8179 /* Preview Assets.xcassets */ = {isa = PBXFileReference; lastKnownFileType = folder.assetcatalog; path = "Preview Assets.xcassets"; sourceTree = "<group>"; };
		19178A6A2A87F90500CFDE5E /* utils.swift */ = {isa = PBXFileReference; lastKnownFileType = sourcecode.swift; path = utils.swift; sourceTree = "<group>"; };
		19178A742A88161E00CFDE5E /* ModelData.swift */ = {isa = PBXFileReference; lastKnownFileType = sourcecode.swift; path = ModelData.swift; sourceTree = "<group>"; };
		196BD3DC2A8BFA4C0077B526 /* Info.plist */ = {isa = PBXFileReference; lastKnownFileType = text.plist; path = Info.plist; sourceTree = "<group>"; };
		19B02C4C2A907A400041D9F7 /* TodayData.swift */ = {isa = PBXFileReference; lastKnownFileType = sourcecode.swift; path = TodayData.swift; sourceTree = "<group>"; };
		19CBF9E22A95D5FA000D0495 /* Charts.xcodeproj */ = {isa = PBXFileReference; lastKnownFileType = "wrapper.pb-project"; name = Charts.xcodeproj; path = "../../../../Downloads/Charts-5.0.0/Charts.xcodeproj"; sourceTree = "<group>"; };
		19E9586C2A8E8D9F0064ACF9 /* PedometerManager.swift */ = {isa = PBXFileReference; lastKnownFileType = sourcecode.swift; path = PedometerManager.swift; sourceTree = "<group>"; };
/* End PBXFileReference section */

/* Begin PBXFrameworksBuildPhase section */
		190595A32A841085004C8179 /* Frameworks */ = {
			isa = PBXFrameworksBuildPhase;
			buildActionMask = 2147483647;
			files = (
				19CBF9EC2A95D651000D0495 /* DGCharts.framework in Frameworks */,
				19CBF9F12A966FF5000D0495 /* SwiftUICharts in Frameworks */,
			);
			runOnlyForDeploymentPostprocessing = 0;
		};
/* End PBXFrameworksBuildPhase section */

/* Begin PBXGroup section */
		1905959D2A841085004C8179 = {
			isa = PBXGroup;
			children = (
				190595A82A841085004C8179 /* pedometer */,
				190595A72A841085004C8179 /* Products */,
				19CBF9EB2A95D651000D0495 /* Frameworks */,
			);
			sourceTree = "<group>";
		};
		190595A72A841085004C8179 /* Products */ = {
			isa = PBXGroup;
			children = (
				190595A62A841085004C8179 /* pedometer.app */,
			);
			name = Products;
			sourceTree = "<group>";
		};
		190595A82A841085004C8179 /* pedometer */ = {
			isa = PBXGroup;
			children = (
				196BD3DC2A8BFA4C0077B526 /* Info.plist */,
				196BD3DB2A8BF8400077B526 /* observables */,
				196BD3DA2A8BF8060077B526 /* services */,
				190595A92A841085004C8179 /* pedometerApp.swift */,
				19178A762A8816E600CFDE5E /* Views */,
				190595AD2A841086004C8179 /* Assets.xcassets */,
				190595AF2A841086004C8179 /* pedometer.entitlements */,
				19CBF9E22A95D5FA000D0495 /* Charts.xcodeproj */,
				190595B02A841086004C8179 /* Preview Content */,
				19178A772A88172900CFDE5E /* Model */,
			);
			path = pedometer;
			sourceTree = "<group>";
		};
		190595B02A841086004C8179 /* Preview Content */ = {
			isa = PBXGroup;
			children = (
				190595B12A841086004C8179 /* Preview Assets.xcassets */,
			);
			path = "Preview Content";
			sourceTree = "<group>";
		};
		19178A762A8816E600CFDE5E /* Views */ = {
			isa = PBXGroup;
			children = (
				190595AB2A841085004C8179 /* ContentView.swift */,
				19B02C4C2A907A400041D9F7 /* TodayData.swift */,
			);
			path = Views;
			sourceTree = "<group>";
		};
		19178A772A88172900CFDE5E /* Model */ = {
			isa = PBXGroup;
			children = (
			);
			path = Model;
			sourceTree = "<group>";
		};
		196BD3DA2A8BF8060077B526 /* services */ = {
			isa = PBXGroup;
			children = (
				19178A6A2A87F90500CFDE5E /* utils.swift */,
			);
			path = services;
			sourceTree = "<group>";
		};
		196BD3DB2A8BF8400077B526 /* observables */ = {
			isa = PBXGroup;
			children = (
				19178A742A88161E00CFDE5E /* ModelData.swift */,
				19E9586C2A8E8D9F0064ACF9 /* PedometerManager.swift */,
			);
			path = observables;
			sourceTree = "<group>";
		};
		19CBF9E32A95D5FA000D0495 /* Products */ = {
			isa = PBXGroup;
			children = (
				19CBF9E82A95D5FA000D0495 /* DGCharts.framework */,
				19CBF9EA2A95D5FA000D0495 /* DGChartsTests.xctest */,
			);
			name = Products;
			sourceTree = "<group>";
		};
		19CBF9EB2A95D651000D0495 /* Frameworks */ = {
			isa = PBXGroup;
			children = (
			);
			name = Frameworks;
			sourceTree = "<group>";
		};
/* End PBXGroup section */

/* Begin PBXNativeTarget section */
		190595A52A841085004C8179 /* pedometer */ = {
			isa = PBXNativeTarget;
			buildConfigurationList = 190595CB2A841086004C8179 /* Build configuration list for PBXNativeTarget "pedometer" */;
			buildPhases = (
				190595A22A841085004C8179 /* Sources */,
				190595A32A841085004C8179 /* Frameworks */,
				190595A42A841085004C8179 /* Resources */,
				19CBF9EE2A95D652000D0495 /* Embed Frameworks */,
			);
			buildRules = (
			);
			dependencies = (
			);
			name = pedometer;
			packageProductDependencies = (
				19CBF9F02A966FF5000D0495 /* SwiftUICharts */,
			);
			productName = pedometer;
			productReference = 190595A62A841085004C8179 /* pedometer.app */;
			productType = "com.apple.product-type.application";
		};
/* End PBXNativeTarget section */

/* Begin PBXProject section */
		1905959E2A841085004C8179 /* Project object */ = {
			isa = PBXProject;
			attributes = {
				BuildIndependentTargetsInParallel = 1;
				LastSwiftUpdateCheck = 1430;
				LastUpgradeCheck = 1430;
				TargetAttributes = {
					190595A52A841085004C8179 = {
						CreatedOnToolsVersion = 14.3.1;
					};
				};
			};
			buildConfigurationList = 190595A12A841085004C8179 /* Build configuration list for PBXProject "pedometer" */;
			compatibilityVersion = "Xcode 14.0";
			developmentRegion = en;
			hasScannedForEncodings = 0;
			knownRegions = (
				en,
				Base,
			);
			mainGroup = 1905959D2A841085004C8179;
			packageReferences = (
				19CBF9EF2A966FF5000D0495 /* XCRemoteSwiftPackageReference "ChartView" */,
			);
			productRefGroup = 190595A72A841085004C8179 /* Products */;
			projectDirPath = "";
			projectReferences = (
				{
					ProductGroup = 19CBF9E32A95D5FA000D0495 /* Products */;
					ProjectRef = 19CBF9E22A95D5FA000D0495 /* Charts.xcodeproj */;
				},
			);
			projectRoot = "";
			targets = (
				190595A52A841085004C8179 /* pedometer */,
			);
		};
/* End PBXProject section */

/* Begin PBXReferenceProxy section */
		19CBF9E82A95D5FA000D0495 /* DGCharts.framework */ = {
			isa = PBXReferenceProxy;
			fileType = wrapper.framework;
			path = DGCharts.framework;
			remoteRef = 19CBF9E72A95D5FA000D0495 /* PBXContainerItemProxy */;
			sourceTree = BUILT_PRODUCTS_DIR;
		};
		19CBF9EA2A95D5FA000D0495 /* DGChartsTests.xctest */ = {
			isa = PBXReferenceProxy;
			fileType = wrapper.cfbundle;
			path = DGChartsTests.xctest;
			remoteRef = 19CBF9E92A95D5FA000D0495 /* PBXContainerItemProxy */;
			sourceTree = BUILT_PRODUCTS_DIR;
		};
/* End PBXReferenceProxy section */

/* Begin PBXResourcesBuildPhase section */
		190595A42A841085004C8179 /* Resources */ = {
			isa = PBXResourcesBuildPhase;
			buildActionMask = 2147483647;
			files = (
				190595B22A841086004C8179 /* Preview Assets.xcassets in Resources */,
				190595AE2A841086004C8179 /* Assets.xcassets in Resources */,
			);
			runOnlyForDeploymentPostprocessing = 0;
		};
/* End PBXResourcesBuildPhase section */

/* Begin PBXSourcesBuildPhase section */
		190595A22A841085004C8179 /* Sources */ = {
			isa = PBXSourcesBuildPhase;
			buildActionMask = 2147483647;
			files = (
				19178A6B2A87F90500CFDE5E /* utils.swift in Sources */,
				190595AC2A841085004C8179 /* ContentView.swift in Sources */,
				19E9586D2A8E8D9F0064ACF9 /* PedometerManager.swift in Sources */,
				190595AA2A841085004C8179 /* pedometerApp.swift in Sources */,
				19178A752A88161E00CFDE5E /* ModelData.swift in Sources */,
				19B02C4D2A907A400041D9F7 /* TodayData.swift in Sources */,
			);
			runOnlyForDeploymentPostprocessing = 0;
		};
/* End PBXSourcesBuildPhase section */

/* Begin XCBuildConfiguration section */
		190595C92A841086004C8179 /* Debug */ = {
			isa = XCBuildConfiguration;
			buildSettings = {
				ALWAYS_SEARCH_USER_PATHS = NO;
				CLANG_ANALYZER_NONNULL = YES;
				CLANG_ANALYZER_NUMBER_OBJECT_CONVERSION = YES_AGGRESSIVE;
				CLANG_CXX_LANGUAGE_STANDARD = "gnu++20";
				CLANG_ENABLE_MODULES = YES;
				CLANG_ENABLE_OBJC_ARC = YES;
				CLANG_ENABLE_OBJC_WEAK = YES;
				CLANG_WARN_BLOCK_CAPTURE_AUTORELEASING = YES;
				CLANG_WARN_BOOL_CONVERSION = YES;
				CLANG_WARN_COMMA = YES;
				CLANG_WARN_CONSTANT_CONVERSION = YES;
				CLANG_WARN_DEPRECATED_OBJC_IMPLEMENTATIONS = YES;
				CLANG_WARN_DIRECT_OBJC_ISA_USAGE = YES_ERROR;
				CLANG_WARN_DOCUMENTATION_COMMENTS = YES;
				CLANG_WARN_EMPTY_BODY = YES;
				CLANG_WARN_ENUM_CONVERSION = YES;
				CLANG_WARN_INFINITE_RECURSION = YES;
				CLANG_WARN_INT_CONVERSION = YES;
				CLANG_WARN_NON_LITERAL_NULL_CONVERSION = YES;
				CLANG_WARN_OBJC_IMPLICIT_RETAIN_SELF = YES;
				CLANG_WARN_OBJC_LITERAL_CONVERSION = YES;
				CLANG_WARN_OBJC_ROOT_CLASS = YES_ERROR;
				CLANG_WARN_QUOTED_INCLUDE_IN_FRAMEWORK_HEADER = YES;
				CLANG_WARN_RANGE_LOOP_ANALYSIS = YES;
				CLANG_WARN_STRICT_PROTOTYPES = YES;
				CLANG_WARN_SUSPICIOUS_MOVE = YES;
				CLANG_WARN_UNGUARDED_AVAILABILITY = YES_AGGRESSIVE;
				CLANG_WARN_UNREACHABLE_CODE = YES;
				CLANG_WARN__DUPLICATE_METHOD_MATCH = YES;
				COPY_PHASE_STRIP = NO;
				DEBUG_INFORMATION_FORMAT = dwarf;
				ENABLE_STRICT_OBJC_MSGSEND = YES;
				ENABLE_TESTABILITY = YES;
				GCC_C_LANGUAGE_STANDARD = gnu11;
				GCC_DYNAMIC_NO_PIC = NO;
				GCC_NO_COMMON_BLOCKS = YES;
				GCC_OPTIMIZATION_LEVEL = 0;
				GCC_PREPROCESSOR_DEFINITIONS = (
					"DEBUG=1",
					"$(inherited)",
				);
				GCC_WARN_64_TO_32_BIT_CONVERSION = YES;
				GCC_WARN_ABOUT_RETURN_TYPE = YES_ERROR;
				GCC_WARN_UNDECLARED_SELECTOR = YES;
				GCC_WARN_UNINITIALIZED_AUTOS = YES_AGGRESSIVE;
				GCC_WARN_UNUSED_FUNCTION = YES;
				GCC_WARN_UNUSED_VARIABLE = YES;
				IPHONEOS_DEPLOYMENT_TARGET = 15.3;
				MTL_ENABLE_DEBUG_INFO = INCLUDE_SOURCE;
				MTL_FAST_MATH = YES;
				ONLY_ACTIVE_ARCH = YES;
				SWIFT_ACTIVE_COMPILATION_CONDITIONS = DEBUG;
				SWIFT_OPTIMIZATION_LEVEL = "-Onone";
			};
			name = Debug;
		};
		190595CA2A841086004C8179 /* Release */ = {
			isa = XCBuildConfiguration;
			buildSettings = {
				ALWAYS_SEARCH_USER_PATHS = NO;
				CLANG_ANALYZER_NONNULL = YES;
				CLANG_ANALYZER_NUMBER_OBJECT_CONVERSION = YES_AGGRESSIVE;
				CLANG_CXX_LANGUAGE_STANDARD = "gnu++20";
				CLANG_ENABLE_MODULES = YES;
				CLANG_ENABLE_OBJC_ARC = YES;
				CLANG_ENABLE_OBJC_WEAK = YES;
				CLANG_WARN_BLOCK_CAPTURE_AUTORELEASING = YES;
				CLANG_WARN_BOOL_CONVERSION = YES;
				CLANG_WARN_COMMA = YES;
				CLANG_WARN_CONSTANT_CONVERSION = YES;
				CLANG_WARN_DEPRECATED_OBJC_IMPLEMENTATIONS = YES;
				CLANG_WARN_DIRECT_OBJC_ISA_USAGE = YES_ERROR;
				CLANG_WARN_DOCUMENTATION_COMMENTS = YES;
				CLANG_WARN_EMPTY_BODY = YES;
				CLANG_WARN_ENUM_CONVERSION = YES;
				CLANG_WARN_INFINITE_RECURSION = YES;
				CLANG_WARN_INT_CONVERSION = YES;
				CLANG_WARN_NON_LITERAL_NULL_CONVERSION = YES;
				CLANG_WARN_OBJC_IMPLICIT_RETAIN_SELF = YES;
				CLANG_WARN_OBJC_LITERAL_CONVERSION = YES;
				CLANG_WARN_OBJC_ROOT_CLASS = YES_ERROR;
				CLANG_WARN_QUOTED_INCLUDE_IN_FRAMEWORK_HEADER = YES;
				CLANG_WARN_RANGE_LOOP_ANALYSIS = YES;
				CLANG_WARN_STRICT_PROTOTYPES = YES;
				CLANG_WARN_SUSPICIOUS_MOVE = YES;
				CLANG_WARN_UNGUARDED_AVAILABILITY = YES_AGGRESSIVE;
				CLANG_WARN_UNREACHABLE_CODE = YES;
				CLANG_WARN__DUPLICATE_METHOD_MATCH = YES;
				COPY_PHASE_STRIP = NO;
				DEBUG_INFORMATION_FORMAT = "dwarf-with-dsym";
				ENABLE_NS_ASSERTIONS = NO;
				ENABLE_STRICT_OBJC_MSGSEND = YES;
				GCC_C_LANGUAGE_STANDARD = gnu11;
				GCC_NO_COMMON_BLOCKS = YES;
				GCC_WARN_64_TO_32_BIT_CONVERSION = YES;
				GCC_WARN_ABOUT_RETURN_TYPE = YES_ERROR;
				GCC_WARN_UNDECLARED_SELECTOR = YES;
				GCC_WARN_UNINITIALIZED_AUTOS = YES_AGGRESSIVE;
				GCC_WARN_UNUSED_FUNCTION = YES;
				GCC_WARN_UNUSED_VARIABLE = YES;
				IPHONEOS_DEPLOYMENT_TARGET = 15.3;
				MTL_ENABLE_DEBUG_INFO = NO;
				MTL_FAST_MATH = YES;
				SWIFT_COMPILATION_MODE = wholemodule;
				SWIFT_OPTIMIZATION_LEVEL = "-O";
			};
			name = Release;
		};
		190595CC2A841086004C8179 /* Debug */ = {
			isa = XCBuildConfiguration;
			buildSettings = {
				ASSETCATALOG_COMPILER_APPICON_NAME = AppIcon;
				ASSETCATALOG_COMPILER_GLOBAL_ACCENT_COLOR_NAME = AccentColor;
				CODE_SIGN_ENTITLEMENTS = pedometer/pedometer.entitlements;
				CODE_SIGN_STYLE = Automatic;
				CURRENT_PROJECT_VERSION = 1;
				DEVELOPMENT_ASSET_PATHS = "\"pedometer/Preview Content\"";
				DEVELOPMENT_TEAM = HTHUB7LWV6;
				ENABLE_PREVIEWS = YES;
				GENERATE_INFOPLIST_FILE = YES;
				INFOPLIST_FILE = pedometer/Info.plist;
				INFOPLIST_KEY_NSMotionUsageDescription = "hey, give acess please :)";
				"INFOPLIST_KEY_UIApplicationSceneManifest_Generation[sdk=iphoneos*]" = YES;
				"INFOPLIST_KEY_UIApplicationSceneManifest_Generation[sdk=iphonesimulator*]" = YES;
				"INFOPLIST_KEY_UIApplicationSupportsIndirectInputEvents[sdk=iphoneos*]" = YES;
				"INFOPLIST_KEY_UIApplicationSupportsIndirectInputEvents[sdk=iphonesimulator*]" = YES;
				"INFOPLIST_KEY_UILaunchScreen_Generation[sdk=iphoneos*]" = YES;
				"INFOPLIST_KEY_UILaunchScreen_Generation[sdk=iphonesimulator*]" = YES;
				"INFOPLIST_KEY_UIStatusBarStyle[sdk=iphoneos*]" = UIStatusBarStyleDefault;
				"INFOPLIST_KEY_UIStatusBarStyle[sdk=iphonesimulator*]" = UIStatusBarStyleDefault;
				INFOPLIST_KEY_UISupportedInterfaceOrientations_iPad = "UIInterfaceOrientationPortrait UIInterfaceOrientationPortraitUpsideDown UIInterfaceOrientationLandscapeLeft UIInterfaceOrientationLandscapeRight";
				INFOPLIST_KEY_UISupportedInterfaceOrientations_iPhone = "UIInterfaceOrientationPortrait UIInterfaceOrientationLandscapeLeft UIInterfaceOrientationLandscapeRight";
				IPHONEOS_DEPLOYMENT_TARGET = 15.1;
				LD_RUNPATH_SEARCH_PATHS = "@executable_path/Frameworks";
				"LD_RUNPATH_SEARCH_PATHS[sdk=macosx*]" = "@executable_path/../Frameworks";
				MACOSX_DEPLOYMENT_TARGET = 13.2;
				MARKETING_VERSION = 1.0;
				PRODUCT_BUNDLE_IDENTIFIER = com.faisalhaddad.pedometer;
				PRODUCT_NAME = "$(TARGET_NAME)";
				SDKROOT = auto;
				SUPPORTED_PLATFORMS = "iphoneos iphonesimulator";
				SUPPORTS_MACCATALYST = NO;
				SUPPORTS_MAC_DESIGNED_FOR_IPHONE_IPAD = NO;
				SWIFT_EMIT_LOC_STRINGS = YES;
				SWIFT_VERSION = 5.0;
				TARGETED_DEVICE_FAMILY = 1;
			};
			name = Debug;
		};
		190595CD2A841086004C8179 /* Release */ = {
			isa = XCBuildConfiguration;
			buildSettings = {
				ASSETCATALOG_COMPILER_APPICON_NAME = AppIcon;
				ASSETCATALOG_COMPILER_GLOBAL_ACCENT_COLOR_NAME = AccentColor;
				CODE_SIGN_ENTITLEMENTS = pedometer/pedometer.entitlements;
				"CODE_SIGN_IDENTITY[sdk=macosx*]" = "Apple Development";
				CODE_SIGN_STYLE = Automatic;
				CURRENT_PROJECT_VERSION = 1;
				DEVELOPMENT_ASSET_PATHS = "\"pedometer/Preview Content\"";
				DEVELOPMENT_TEAM = HTHUB7LWV6;
				ENABLE_PREVIEWS = YES;
				GENERATE_INFOPLIST_FILE = YES;
				INFOPLIST_FILE = pedometer/Info.plist;
				INFOPLIST_KEY_NSMotionUsageDescription = "hey, give acess please :)";
				"INFOPLIST_KEY_UIApplicationSceneManifest_Generation[sdk=iphoneos*]" = YES;
				"INFOPLIST_KEY_UIApplicationSceneManifest_Generation[sdk=iphonesimulator*]" = YES;
				"INFOPLIST_KEY_UIApplicationSupportsIndirectInputEvents[sdk=iphoneos*]" = YES;
				"INFOPLIST_KEY_UIApplicationSupportsIndirectInputEvents[sdk=iphonesimulator*]" = YES;
				"INFOPLIST_KEY_UILaunchScreen_Generation[sdk=iphoneos*]" = YES;
				"INFOPLIST_KEY_UILaunchScreen_Generation[sdk=iphonesimulator*]" = YES;
				"INFOPLIST_KEY_UIStatusBarStyle[sdk=iphoneos*]" = UIStatusBarStyleDefault;
				"INFOPLIST_KEY_UIStatusBarStyle[sdk=iphonesimulator*]" = UIStatusBarStyleDefault;
				INFOPLIST_KEY_UISupportedInterfaceOrientations_iPad = "UIInterfaceOrientationPortrait UIInterfaceOrientationPortraitUpsideDown UIInterfaceOrientationLandscapeLeft UIInterfaceOrientationLandscapeRight";
				INFOPLIST_KEY_UISupportedInterfaceOrientations_iPhone = "UIInterfaceOrientationPortrait UIInterfaceOrientationLandscapeLeft UIInterfaceOrientationLandscapeRight";
				IPHONEOS_DEPLOYMENT_TARGET = 15.1;
				LD_RUNPATH_SEARCH_PATHS = "@executable_path/Frameworks";
				"LD_RUNPATH_SEARCH_PATHS[sdk=macosx*]" = "@executable_path/../Frameworks";
				MACOSX_DEPLOYMENT_TARGET = 13.2;
				MARKETING_VERSION = 1.0;
				PRODUCT_BUNDLE_IDENTIFIER = com.faisalhaddad.pedometer;
				PRODUCT_NAME = "$(TARGET_NAME)";
				SDKROOT = auto;
				SUPPORTED_PLATFORMS = "iphoneos iphonesimulator";
				SUPPORTS_MACCATALYST = NO;
				SUPPORTS_MAC_DESIGNED_FOR_IPHONE_IPAD = NO;
				SWIFT_EMIT_LOC_STRINGS = YES;
				SWIFT_VERSION = 5.0;
				TARGETED_DEVICE_FAMILY = 1;
			};
			name = Release;
		};
/* End XCBuildConfiguration section */

/* Begin XCConfigurationList section */
		190595A12A841085004C8179 /* Build configuration list for PBXProject "pedometer" */ = {
			isa = XCConfigurationList;
			buildConfigurations = (
				190595C92A841086004C8179 /* Debug */,
				190595CA2A841086004C8179 /* Release */,
			);
			defaultConfigurationIsVisible = 0;
			defaultConfigurationName = Release;
		};
		190595CB2A841086004C8179 /* Build configuration list for PBXNativeTarget "pedometer" */ = {
			isa = XCConfigurationList;
			buildConfigurations = (
				190595CC2A841086004C8179 /* Debug */,
				190595CD2A841086004C8179 /* Release */,
			);
			defaultConfigurationIsVisible = 0;
			defaultConfigurationName = Release;
		};
/* End XCConfigurationList section */

/* Begin XCRemoteSwiftPackageReference section */
		19CBF9EF2A966FF5000D0495 /* XCRemoteSwiftPackageReference "ChartView" */ = {
			isa = XCRemoteSwiftPackageReference;
			repositoryURL = "https://github.com/AppPear/ChartView.git";
			requirement = {
				kind = upToNextMajorVersion;
				minimumVersion = 1.5.2;
			};
		};
/* End XCRemoteSwiftPackageReference section */

/* Begin XCSwiftPackageProductDependency section */
		19CBF9F02A966FF5000D0495 /* SwiftUICharts */ = {
			isa = XCSwiftPackageProductDependency;
			package = 19CBF9EF2A966FF5000D0495 /* XCRemoteSwiftPackageReference "ChartView" */;
			productName = SwiftUICharts;
		};
/* End XCSwiftPackageProductDependency section */
	};
	rootObject = 1905959E2A841085004C8179 /* Project object */;
}
